{
  "object": {
    "pins": [
      {
        "package": "DNSBlankWorkers",
        "repositoryURL": "https://github.com/DoubleNode/DNSBlankWorkers.git",
        "state": {
          "branch": null,
          "revision": "7af6d623e5884c09e11ac016add201cff144156d",
          "version": "1.0.7"
        }
      },
      {
        "package": "DNSProtocols",
        "repositoryURL": "https://github.com/DoubleNode/DNSProtocols.git",
        "state": {
          "branch": null,
          "revision": "7026f486173f7919a6e46672123162ce1d1d1b29",
          "version": "1.0.6"
        }
      }
    ]
  },
  "version": 1
}
