{
  "object": {
    "pins": [
      {
        "package": "DNSBlankWorkers",
        "repositoryURL": "https://github.com/DoubleNode/DNSBlankWorkers.git",
        "state": {
          "branch": null,
          "revision": "249d656e3c87746faa649ee49d0e4ab39951a512",
          "version": "1.0.11"
        }
      },
      {
        "package": "DNSProtocols",
        "repositoryURL": "https://github.com/DoubleNode/DNSProtocols.git",
        "state": {
          "branch": null,
          "revision": "ef31d641a4f483cb4b95a2c220b8eab62a746bf3",
          "version": "1.0.8"
        }
      }
    ]
  },
  "version": 1
}
