{
  "object": {
    "pins": [
      {
        "package": "AtomicSwift",
        "repositoryURL": "https://github.com/DoubleNodeOpen/AtomicSwift.git",
        "state": {
          "branch": null,
          "revision": "33cc39dfb1b48898b32922b67d11a95e2bfa2e57",
          "version": "1.2.2"
        }
      },
      {
        "package": "DNSBlankWorkers",
        "repositoryURL": "https://github.com/DoubleNode/DNSBlankWorkers.git",
        "state": {
          "branch": null,
          "revision": "c37bdedc276bea933363715e769d7e28bb035ee3",
          "version": "1.2.4"
        }
      },
      {
        "package": "DNSCore",
        "repositoryURL": "https://github.com/DoubleNode/DNSCore.git",
        "state": {
          "branch": null,
          "revision": "88667f69eddbb0c6e27ac025486b848f0c1d2f16",
          "version": "1.2.37"
        }
      },
      {
        "package": "DNSCoreThreading",
        "repositoryURL": "https://github.com/DoubleNode/DNSCoreThreading.git",
        "state": {
          "branch": null,
          "revision": "c781049b43854080188112d1a05f70d4de2e0fc9",
          "version": "1.2.1"
        }
      },
      {
        "package": "DNSDataObjects",
        "repositoryURL": "https://github.com/DoubleNode/DNSDataObjects.git",
        "state": {
          "branch": null,
          "revision": "03d1f021ed6928be8224612e0e92d7e3b472510c",
          "version": "1.2.3"
        }
      },
      {
        "package": "DNSProtocols",
        "repositoryURL": "https://github.com/DoubleNode/DNSProtocols.git",
        "state": {
          "branch": null,
          "revision": "1cfebd43cf09646d49efc7397a978806cdee5d89",
          "version": "1.2.4"
        }
      },
      {
        "package": "SFSymbol",
        "repositoryURL": "https://github.com/Nirma/SFSymbol",
        "state": {
          "branch": null,
          "revision": "01bda7aadcedd27fdd599e1370c7989e8d746b85",
          "version": "0.5.1"
        }
      },
      {
        "package": "SwiftyBeaver",
        "repositoryURL": "https://github.com/SwiftyBeaver/SwiftyBeaver.git",
        "state": {
          "branch": null,
          "revision": "e0fb3a74cb993d7dcf1e56734cdc98ad6e6d8176",
          "version": "1.9.1"
        }
      }
    ]
  },
  "version": 1
}
